
Microsoft Visual Studio Solution File, Format Version 12.00
# Visual Studio Version 17
VisualStudioVersion = 17.1.32328.378
MinimumVisualStudioVersion = 10.0.40219.1
Project("{FAE04EC0-301F-11D3-BF4B-00C04F79EFBC}") = "TicTacToe", "TicTacToe.csproj", "{09F20C58-431A-45D3-869F-8BED48614268}"
EndProject
Global
	GlobalSection(SolutionConfigurationPlatforms) = preSolution
		Debug|Any CPU = Debug|Any CPU
		Release|Any CPU = Release|Any CPU
	EndGlobalSection
	GlobalSection(ProjectConfigurationPlatforms) = postSolution
		{09F20C58-431A-45D3-869F-8BED48614268}.Debug|Any CPU.ActiveCfg = Debug|Any CPU
		{09F20C58-431A-45D3-869F-8BED48614268}.Debug|Any CPU.Build.0 = Debug|Any CPU
		{09F20C58-431A-45D3-869F-8BED48614268}.Release|Any CPU.ActiveCfg = Release|Any CPU
		{09F20C58-431A-45D3-869F-8BED48614268}.Release|Any CPU.Build.0 = Release|Any CPU
	EndGlobalSection
	GlobalSection(SolutionProperties) = preSolution
		HideSolutionNode = FALSE
	EndGlobalSection
	GlobalSection(ExtensibilityGlobals) = postSolution
		SolutionGuid = {B46BE1FD-3383-4713-8AC9-06D7FE4B1604}
	EndGlobalSection
EndGlobal
